
Microsoft Visual Studio Solution File, Format Version 12.00
# Visual Studio 15
VisualStudioVersion = 15.0.27428.2002
MinimumVisualStudioVersion = 10.0.40219.1
Project("{8BC9CEB8-8B4A-11D0-8D11-00A0C91BC942}") = "yCore", "yCore\yCore.vcxproj", "{DEAE33B9-7C96-42E5-BA3E-D8A0BC0A1064}"
EndProject
Project("{8BC9CEB8-8B4A-11D0-8D11-00A0C91BC942}") = "yEmma", "yEmma\yEmma.vcxproj", "{9A1D7A32-2D4E-4CDA-ADC7-21E4BDD5DE38}"
EndProject
Global
	GlobalSection(SolutionConfigurationPlatforms) = preSolution
		Debug|x64 = Debug|x64
		Debug|x86 = Debug|x86
		Release|x64 = Release|x64
		Release|x86 = Release|x86
	EndGlobalSection
	GlobalSection(ProjectConfigurationPlatforms) = postSolution
		{DEAE33B9-7C96-42E5-BA3E-D8A0BC0A1064}.Debug|x64.ActiveCfg = Debug|x64
		{DEAE33B9-7C96-42E5-BA3E-D8A0BC0A1064}.Debug|x64.Build.0 = Debug|x64
		{DEAE33B9-7C96-42E5-BA3E-D8A0BC0A1064}.Debug|x86.ActiveCfg = Debug|Win32
		{DEAE33B9-7C96-42E5-BA3E-D8A0BC0A1064}.Debug|x86.Build.0 = Debug|Win32
		{DEAE33B9-7C96-42E5-BA3E-D8A0BC0A1064}.Release|x64.ActiveCfg = Release|x64
		{DEAE33B9-7C96-42E5-BA3E-D8A0BC0A1064}.Release|x64.Build.0 = Release|x64
		{DEAE33B9-7C96-42E5-BA3E-D8A0BC0A1064}.Release|x86.ActiveCfg = Release|Win32
		{DEAE33B9-7C96-42E5-BA3E-D8A0BC0A1064}.Release|x86.Build.0 = Release|Win32
		{9A1D7A32-2D4E-4CDA-ADC7-21E4BDD5DE38}.Debug|x64.ActiveCfg = Debug|x64
		{9A1D7A32-2D4E-4CDA-ADC7-21E4BDD5DE38}.Debug|x64.Build.0 = Debug|x64
		{9A1D7A32-2D4E-4CDA-ADC7-21E4BDD5DE38}.Debug|x86.ActiveCfg = Debug|Win32
		{9A1D7A32-2D4E-4CDA-ADC7-21E4BDD5DE38}.Debug|x86.Build.0 = Debug|Win32
		{9A1D7A32-2D4E-4CDA-ADC7-21E4BDD5DE38}.Release|x64.ActiveCfg = Release|x64
		{9A1D7A32-2D4E-4CDA-ADC7-21E4BDD5DE38}.Release|x64.Build.0 = Release|x64
		{9A1D7A32-2D4E-4CDA-ADC7-21E4BDD5DE38}.Release|x86.ActiveCfg = Release|Win32
		{9A1D7A32-2D4E-4CDA-ADC7-21E4BDD5DE38}.Release|x86.Build.0 = Release|Win32
	EndGlobalSection
	GlobalSection(SolutionProperties) = preSolution
		HideSolutionNode = FALSE
	EndGlobalSection
	GlobalSection(ExtensibilityGlobals) = postSolution
		SolutionGuid = {28AFAFFF-FF64-4B39-8358-ED2DE500B27B}
	EndGlobalSection
EndGlobal
